
Microsoft Visual Studio Solution File, Format Version 12.00
# Visual Studio Version 16
VisualStudioVersion = 16.0.31019.35
MinimumVisualStudioVersion = 10.0.40219.1
Project("{FAE04EC0-301F-11D3-BF4B-00C04F79EFBC}") = "gitHub", "gitHub.csproj", "{BE230B82-1F56-435F-9F3D-6FB19F487EE4}"
EndProject
Global
	GlobalSection(SolutionConfigurationPlatforms) = preSolution
		Debug|Any CPU = Debug|Any CPU
		Release|Any CPU = Release|Any CPU
	EndGlobalSection
	GlobalSection(ProjectConfigurationPlatforms) = postSolution
		{BE230B82-1F56-435F-9F3D-6FB19F487EE4}.Debug|Any CPU.ActiveCfg = Debug|Any CPU
		{BE230B82-1F56-435F-9F3D-6FB19F487EE4}.Debug|Any CPU.Build.0 = Debug|Any CPU
		{BE230B82-1F56-435F-9F3D-6FB19F487EE4}.Release|Any CPU.ActiveCfg = Release|Any CPU
		{BE230B82-1F56-435F-9F3D-6FB19F487EE4}.Release|Any CPU.Build.0 = Release|Any CPU
	EndGlobalSection
	GlobalSection(SolutionProperties) = preSolution
		HideSolutionNode = FALSE
	EndGlobalSection
	GlobalSection(ExtensibilityGlobals) = postSolution
		SolutionGuid = {96F4E2F3-4260-4E23-B728-BB3D9E2C3ECF}
	EndGlobalSection
EndGlobal
